
Microsoft Visual Studio Solution File, Format Version 12.00
# Visual Studio 15
VisualStudioVersion = 15.0.26730.16
MinimumVisualStudioVersion = 10.0.40219.1
Project("{FAE04EC0-301F-11D3-BF4B-00C04F79EFBC}") = "RazorPagesMovie", "RazorPagesMovie\RazorPagesMovie.csproj", "{F9AC39EE-C6A1-4ACC-9479-623AE22070FE}"
EndProject
Global
	GlobalSection(SolutionConfigurationPlatforms) = preSolution
		Debug|Any CPU = Debug|Any CPU
		Release|Any CPU = Release|Any CPU
	EndGlobalSection
	GlobalSection(ProjectConfigurationPlatforms) = postSolution
		{F9AC39EE-C6A1-4ACC-9479-623AE22070FE}.Debug|Any CPU.ActiveCfg = Debug|Any CPU
		{F9AC39EE-C6A1-4ACC-9479-623AE22070FE}.Debug|Any CPU.Build.0 = Debug|Any CPU
		{F9AC39EE-C6A1-4ACC-9479-623AE22070FE}.Release|Any CPU.ActiveCfg = Release|Any CPU
		{F9AC39EE-C6A1-4ACC-9479-623AE22070FE}.Release|Any CPU.Build.0 = Release|Any CPU
	EndGlobalSection
	GlobalSection(SolutionProperties) = preSolution
		HideSolutionNode = FALSE
	EndGlobalSection
	GlobalSection(ExtensibilityGlobals) = postSolution
		SolutionGuid = {EE11E885-F54E-4980-9E82-EF5C4AA8B51D}
	EndGlobalSection
EndGlobal
